PODS:
  - Cartography (3.0.2)
  - MAExtension/Base (0.1.11)
  - "UITableView+FDTemplateLayoutCell (1.6)"

DEPENDENCIES:
  - Cartography
  - MAExtension/Base (from `https://github.com/fengyunjue/MAExtension.git`)
  - "UITableView+FDTemplateLayoutCell"

SPEC REPOS:
  https://github.com/cocoapods/specs.git:
    - Cartography
    - "UITableView+FDTemplateLayoutCell"

EXTERNAL SOURCES:
  MAExtension:
    :git: https://github.com/fengyunjue/MAExtension.git

CHECKOUT OPTIONS:
  MAExtension:
    :commit: 117ee87720c772fce02524bd59dcd1bd9b920e88
    :git: https://github.com/fengyunjue/MAExtension.git

SPEC CHECKSUMS:
  Cartography: 231190d7d0b3107ce8d67c54189f059a509b3760
  MAExtension: 60a08883bef4fad1d39dff6b9d6d4e6b34aadedc
  "UITableView+FDTemplateLayoutCell": 5c949b4a5059c404b442926c0e80f81d10a2d66f

PODFILE CHECKSUM: f55cc47719ba304d2a821df92947862fc729dae8

COCOAPODS: 1.5.3
